
Microsoft Visual Studio Solution File, Format Version 12.00
# Visual Studio Version 17
VisualStudioVersion = 17.8.34322.80
MinimumVisualStudioVersion = 10.0.40219.1
Project("{FAE04EC0-301F-11D3-BF4B-00C04F79EFBC}") = "Veeam", "Veeam\Veeam.csproj", "{B341CAD4-FA14-431C-8087-805A28404D37}"
EndProject
Global
	GlobalSection(SolutionConfigurationPlatforms) = preSolution
		Debug|Any CPU = Debug|Any CPU
		Release|Any CPU = Release|Any CPU
	EndGlobalSection
	GlobalSection(ProjectConfigurationPlatforms) = postSolution
		{B341CAD4-FA14-431C-8087-805A28404D37}.Debug|Any CPU.ActiveCfg = Debug|Any CPU
		{B341CAD4-FA14-431C-8087-805A28404D37}.Debug|Any CPU.Build.0 = Debug|Any CPU
		{B341CAD4-FA14-431C-8087-805A28404D37}.Release|Any CPU.ActiveCfg = Release|Any CPU
		{B341CAD4-FA14-431C-8087-805A28404D37}.Release|Any CPU.Build.0 = Release|Any CPU
	EndGlobalSection
	GlobalSection(SolutionProperties) = preSolution
		HideSolutionNode = FALSE
	EndGlobalSection
	GlobalSection(ExtensibilityGlobals) = postSolution
		SolutionGuid = {6F48CB5E-48C5-4581-A53A-F1798D41408C}
	EndGlobalSection
EndGlobal
